
Microsoft Visual Studio Solution File, Format Version 12.00
# Visual Studio 15
VisualStudioVersion = 15.0.28010.2050
MinimumVisualStudioVersion = 10.0.40219.1
Project("{FAE04EC0-301F-11D3-BF4B-00C04F79EFBC}") = "DataAccess", "DataAccess\DataAccess.csproj", "{7C0C7BF6-A9FD-4BEE-BE11-114C7E70FDAD}"
EndProject
Global
	GlobalSection(SolutionConfigurationPlatforms) = preSolution
		Debug|Any CPU = Debug|Any CPU
		Release|Any CPU = Release|Any CPU
	EndGlobalSection
	GlobalSection(ProjectConfigurationPlatforms) = postSolution
		{7C0C7BF6-A9FD-4BEE-BE11-114C7E70FDAD}.Debug|Any CPU.ActiveCfg = Debug|Any CPU
		{7C0C7BF6-A9FD-4BEE-BE11-114C7E70FDAD}.Debug|Any CPU.Build.0 = Debug|Any CPU
		{7C0C7BF6-A9FD-4BEE-BE11-114C7E70FDAD}.Release|Any CPU.ActiveCfg = Release|Any CPU
		{7C0C7BF6-A9FD-4BEE-BE11-114C7E70FDAD}.Release|Any CPU.Build.0 = Release|Any CPU
	EndGlobalSection
	GlobalSection(SolutionProperties) = preSolution
		HideSolutionNode = FALSE
	EndGlobalSection
	GlobalSection(ExtensibilityGlobals) = postSolution
		SolutionGuid = {2AF31EE3-98F9-4C46-9BBC-F2228468F155}
	EndGlobalSection
EndGlobal
